{
  "requires": true,
  "lockfileVersion": 1,
  "dependencies": {
    "@ckeditor/ckeditor5-adapter-ckfinder": {
      "version": "29.2.0",
      "resolved": "https://registry.npmjs.org/@ckeditor/ckeditor5-adapter-ckfinder/-/ckeditor5-adapter-ckfinder-29.2.0.tgz",
      "integrity": "sha512-u8udllfP3RhmA415ZPCqgNw94M0fT/URL4r82f4zgOLTtR/cvP3MBgJzYj6EMRm+MGb5889HYjz6AXCrGKn2eQ==",
      "requires": {
        "ckeditor5": "^29.2.0"
      }
    },
    "@ckeditor/ckeditor5-autoformat": {
      "version": "29.2.0",
      "resolved": "https://registry.npmjs.org/@ckeditor/ckeditor5-autoformat/-/ckeditor5-autoformat-29.2.0.tgz",
      "integrity": "sha512-dFy4jNqo/1Ikbo3CVwH30m0O5XyD0e0JkdQPjsrR7TY0/oV0AVHXv2UgKzDlScR9hWUstBE28w+O/1wnZaRESg==",
      "requires": {
        "ckeditor5": "^29.2.0"
      }
    },
    "@ckeditor/ckeditor5-basic-styles": {
      "version": "29.2.0",
      "resolved": "https://registry.npmjs.org/@ckeditor/ckeditor5-basic-styles/-/ckeditor5-basic-styles-29.2.0.tgz",
      "integrity": "sha512-Sd5aj4Gd9HBEee/n+Gbd6km7RmsUMQAolrDHsSq3jXdb4tY98IF98scKkln7SyYJ/rF4NBadpCVLSMoE+17Qkw==",
      "requires": {
        "ckeditor5": "^29.2.0"
      }
    },
    "@ckeditor/ckeditor5-block-quote": {
      "version": "29.2.0",
      "resolved": "https://registry.npmjs.org/@ckeditor/ckeditor5-block-quote/-/ckeditor5-block-quote-29.2.0.tgz",
      "integrity": "sha512-W86EarJFvxmIjxiJdU/ReYzNCuAFPGksV10XF8nMr2Jd/DtVfOAqoN4GgLaE1cJ/ES0IL6fcs1kxUX+I8BMA+g==",
      "requires": {
        "ckeditor5": "^29.2.0"
      }
    },
    "@ckeditor/ckeditor5-build-classic": {
      "version": "29.2.0",
      "resolved": "https://registry.npmjs.org/@ckeditor/ckeditor5-build-classic/-/ckeditor5-build-classic-29.2.0.tgz",
      "integrity": "sha512-Hoysq4JxTpepfKknOklBwnjamOCLMhdRyKUT9j/slJzBbPgcxcJEooxD0iL8viBVJzXGHCVJltoNgNsQh4CaDQ==",
      "requires": {
        "@ckeditor/ckeditor5-adapter-ckfinder": "^29.2.0",
        "@ckeditor/ckeditor5-autoformat": "^29.2.0",
        "@ckeditor/ckeditor5-basic-styles": "^29.2.0",
        "@ckeditor/ckeditor5-block-quote": "^29.2.0",
        "@ckeditor/ckeditor5-ckfinder": "^29.2.0",
        "@ckeditor/ckeditor5-cloud-services": "^29.2.0",
        "@ckeditor/ckeditor5-easy-image": "^29.2.0",
        "@ckeditor/ckeditor5-editor-classic": "^29.2.0",
        "@ckeditor/ckeditor5-essentials": "^29.2.0",
        "@ckeditor/ckeditor5-heading": "^29.2.0",
        "@ckeditor/ckeditor5-image": "^29.2.0",
        "@ckeditor/ckeditor5-indent": "^29.2.0",
        "@ckeditor/ckeditor5-link": "^29.2.0",
        "@ckeditor/ckeditor5-list": "^29.2.0",
        "@ckeditor/ckeditor5-media-embed": "^29.2.0",
        "@ckeditor/ckeditor5-paragraph": "^29.2.0",
        "@ckeditor/ckeditor5-paste-from-office": "^29.2.0",
        "@ckeditor/ckeditor5-table": "^29.2.0",
        "@ckeditor/ckeditor5-typing": "^29.2.0"
      }
    },
    "@ckeditor/ckeditor5-ckfinder": {
      "version": "29.2.0",
      "resolved": "https://registry.npmjs.org/@ckeditor/ckeditor5-ckfinder/-/ckeditor5-ckfinder-29.2.0.tgz",
      "integrity": "sha512-JXxLes9ztvUeqO/lsoxfkb6f9/NFlO8Hu0v+Flh3WfExcEhvQYTAJBLyWKzfAM8/+arlwMtxRPXJumV1xysWtQ==",
      "requires": {
        "ckeditor5": "^29.2.0"
      }
    },
    "@ckeditor/ckeditor5-clipboard": {
      "version": "29.2.0",
      "resolved": "https://registry.npmjs.org/@ckeditor/ckeditor5-clipboard/-/ckeditor5-clipboard-29.2.0.tgz",
      "integrity": "sha512-LT0EKQI4SF/m4+1h27wxXi7F6ounVnKzVComdQM/1Ev8nGFP2fD3RSBGmOSfUAl3w1XCiJSqjIm/AUp7D15qig==",
      "requires": {
        "@ckeditor/ckeditor5-core": "^29.2.0",
        "@ckeditor/ckeditor5-engine": "^29.2.0",
        "@ckeditor/ckeditor5-utils": "^29.2.0",
        "@ckeditor/ckeditor5-widget": "^29.2.0",
        "lodash-es": "^4.17.11"
      }
    },
    "@ckeditor/ckeditor5-cloud-services": {
      "version": "29.2.0",
      "resolved": "https://registry.npmjs.org/@ckeditor/ckeditor5-cloud-services/-/ckeditor5-cloud-services-29.2.0.tgz",
      "integrity": "sha512-6KQv2UyhWBpVZKkWwi1CPpa9r9cMEEyLgqSfFtJMlmK7FApcHpNqtuGQbpLjOWXcN6AQuOM5l48iBhbS6xbMEQ==",
      "requires": {
        "ckeditor5": "^29.2.0"
      }
    },
    "@ckeditor/ckeditor5-core": {
      "version": "29.2.0",
      "resolved": "https://registry.npmjs.org/@ckeditor/ckeditor5-core/-/ckeditor5-core-29.2.0.tgz",
      "integrity": "sha512-uHLKkbVGRpDkx4y2MYfjfqh2sFrwsKVXwoZ5pflQ0biutwpoeGdwY9rLYeBMI8h8V37M97yVc9UBYSnuDAE5SA==",
      "requires": {
        "@ckeditor/ckeditor5-engine": "^29.2.0",
        "@ckeditor/ckeditor5-ui": "^29.2.0",
        "@ckeditor/ckeditor5-utils": "^29.2.0",
        "lodash-es": "^4.17.15"
      }
    },
    "@ckeditor/ckeditor5-easy-image": {
      "version": "29.2.0",
      "resolved": "https://registry.npmjs.org/@ckeditor/ckeditor5-easy-image/-/ckeditor5-easy-image-29.2.0.tgz",
      "integrity": "sha512-yYlZsWW3U6f6dbkbz6UFet9Kx9M5TpIteIwqsQOQ/tq3mnaeFq4vu1fRPtHdBfhNeLDHisQC5h2nbKnn2phseQ==",
      "requires": {
        "ckeditor5": "^29.2.0"
      }
    },
    "@ckeditor/ckeditor5-editor-classic": {
      "version": "29.2.0",
      "resolved": "https://registry.npmjs.org/@ckeditor/ckeditor5-editor-classic/-/ckeditor5-editor-classic-29.2.0.tgz",
      "integrity": "sha512-6XY9p+aY4K54pHigxaL6nJMJ4C9XXYOQmDORRrwyxsUuBKwCl5kA4VwVc8+fquCium/lt13pcV3t2BctIR3r0A==",
      "requires": {
        "ckeditor5": "^29.2.0",
        "lodash-es": "^4.17.15"
      }
    },
    "@ckeditor/ckeditor5-engine": {
      "version": "29.2.0",
      "resolved": "https://registry.npmjs.org/@ckeditor/ckeditor5-engine/-/ckeditor5-engine-29.2.0.tgz",
      "integrity": "sha512-+YJ5xOpBdT2TsLMm29E9pev5ivQYmQq9GvoNXGGhDi+hbP9cV4itJPMjXKZsQpcitBtDwAwsKjwxi6G8TbKglA==",
      "requires": {
        "@ckeditor/ckeditor5-utils": "^29.2.0",
        "lodash-es": "^4.17.15"
      }
    },
    "@ckeditor/ckeditor5-enter": {
      "version": "29.2.0",
      "resolved": "https://registry.npmjs.org/@ckeditor/ckeditor5-enter/-/ckeditor5-enter-29.2.0.tgz",
      "integrity": "sha512-SSzUZ6iTI1Tymgvol/3HEdsOoMnu6GRl0wdBUizMBqP6SkCLU6t+Zdayz/aRNnU9slLXl0pJyz/aD9jR0N6gKg==",
      "requires": {
        "@ckeditor/ckeditor5-core": "^29.2.0",
        "@ckeditor/ckeditor5-engine": "^29.2.0",
        "@ckeditor/ckeditor5-utils": "^29.2.0"
      }
    },
    "@ckeditor/ckeditor5-essentials": {
      "version": "29.2.0",
      "resolved": "https://registry.npmjs.org/@ckeditor/ckeditor5-essentials/-/ckeditor5-essentials-29.2.0.tgz",
      "integrity": "sha512-uYuJEMV1ox7KnBUPxsUNNvM96EIXbj3CtU2g9FyPDGHxkjMiAMhluVAUUDHYgC0dbZtGUXM2/xx1u0Ux54K5MA==",
      "requires": {
        "ckeditor5": "^29.2.0"
      }
    },
    "@ckeditor/ckeditor5-heading": {
      "version": "29.2.0",
      "resolved": "https://registry.npmjs.org/@ckeditor/ckeditor5-heading/-/ckeditor5-heading-29.2.0.tgz",
      "integrity": "sha512-JWJYPwfi/46ekv83o/ckLs4oZFg+84bhOsjdSlSBVZcFeTLsxML7hVJFiUrl/p+clKLM4iM+Ao1K6AZDISPRXA==",
      "requires": {
        "ckeditor5": "^29.2.0"
      }
    },
    "@ckeditor/ckeditor5-image": {
      "version": "29.2.0",
      "resolved": "https://registry.npmjs.org/@ckeditor/ckeditor5-image/-/ckeditor5-image-29.2.0.tgz",
      "integrity": "sha512-TLjFSg5KMHGuDr0UXompW9DuuQUtvsxPXg8N75rrQUgPj9B8yXrX4wrLXBbvgSvS7BMSlBWYjAVGr3Wyn0IEgQ==",
      "requires": {
        "@ckeditor/ckeditor5-ui": "^29.2.0",
        "ckeditor5": "^29.2.0",
        "lodash-es": "^4.17.15"
      }
    },
    "@ckeditor/ckeditor5-indent": {
      "version": "29.2.0",
      "resolved": "https://registry.npmjs.org/@ckeditor/ckeditor5-indent/-/ckeditor5-indent-29.2.0.tgz",
      "integrity": "sha512-BX2nxSkvwNfIERUIbO9050eTbv+bnEYmKPnow22r2LftQp/Xl4PU7+Xuo5Ay1evh2ZakIGphPqBGnsZ3xvmZRw==",
      "requires": {
        "ckeditor5": "^29.2.0"
      }
    },
    "@ckeditor/ckeditor5-link": {
      "version": "29.2.0",
      "resolved": "https://registry.npmjs.org/@ckeditor/ckeditor5-link/-/ckeditor5-link-29.2.0.tgz",
      "integrity": "sha512-pgioEuY8q85J+fVVd8r4Giab4pjYZYs1zhcQkDrCXBDZkb4NlSKGEgc2TaR1nkuldTcQ1JXDlby7HVmUsS7PuQ==",
      "requires": {
        "@ckeditor/ckeditor5-ui": "^29.2.0",
        "ckeditor5": "^29.2.0",
        "lodash-es": "^4.17.15"
      }
    },
    "@ckeditor/ckeditor5-list": {
      "version": "29.2.0",
      "resolved": "https://registry.npmjs.org/@ckeditor/ckeditor5-list/-/ckeditor5-list-29.2.0.tgz",
      "integrity": "sha512-9cxHiXKJg827fUM3z5khIKO/7kSLSaXFNtEqP3JSPmm2bMqmUAf5VbSgApUWHgnzT6Yin/D1xKSgxQRkX/lbAg==",
      "requires": {
        "ckeditor5": "^29.2.0"
      }
    },
    "@ckeditor/ckeditor5-media-embed": {
      "version": "29.2.0",
      "resolved": "https://registry.npmjs.org/@ckeditor/ckeditor5-media-embed/-/ckeditor5-media-embed-29.2.0.tgz",
      "integrity": "sha512-OijakFLlP90xKF4fAzdrsWpBAVyNz1DwWXr1NqKviAjaYMLJiRk4DUGxXDDUzXCPfcJx1d+jY9CcYlRWK7eS+A==",
      "requires": {
        "@ckeditor/ckeditor5-ui": "^29.2.0",
        "ckeditor5": "^29.2.0"
      }
    },
    "@ckeditor/ckeditor5-paragraph": {
      "version": "29.2.0",
      "resolved": "https://registry.npmjs.org/@ckeditor/ckeditor5-paragraph/-/ckeditor5-paragraph-29.2.0.tgz",
      "integrity": "sha512-SiitWURZBn08ZW3UGyaOqqThIHhMRew87PGVGUlYZH+xh9trTG9uxSYUBImX4W7K/m/zdgyL2u5akjWLV81y/g==",
      "requires": {
        "@ckeditor/ckeditor5-core": "^29.2.0",
        "@ckeditor/ckeditor5-ui": "^29.2.0",
        "@ckeditor/ckeditor5-utils": "^29.2.0"
      }
    },
    "@ckeditor/ckeditor5-paste-from-office": {
      "version": "29.2.0",
      "resolved": "https://registry.npmjs.org/@ckeditor/ckeditor5-paste-from-office/-/ckeditor5-paste-from-office-29.2.0.tgz",
      "integrity": "sha512-c5WQaU/Tdi0cYb+8e6B9SYsOol8pklxL7vUbe1BgknbcIHEdJ+teV49DSIbwi2E4TkyDk1f4Sj1eo+00wOLVHQ==",
      "requires": {
        "ckeditor5": "^29.2.0"
      }
    },
    "@ckeditor/ckeditor5-select-all": {
      "version": "29.2.0",
      "resolved": "https://registry.npmjs.org/@ckeditor/ckeditor5-select-all/-/ckeditor5-select-all-29.2.0.tgz",
      "integrity": "sha512-GqUQKnNcuT2yQPiZMvOhX4k6bpFsSpUU8wPIt5m991fzO0KcCV42fYFElse9/kajiTn7X4RfybQxIw0abS2ttw==",
      "requires": {
        "@ckeditor/ckeditor5-core": "^29.2.0",
        "@ckeditor/ckeditor5-ui": "^29.2.0",
        "@ckeditor/ckeditor5-utils": "^29.2.0"
      }
    },
    "@ckeditor/ckeditor5-table": {
      "version": "29.2.0",
      "resolved": "https://registry.npmjs.org/@ckeditor/ckeditor5-table/-/ckeditor5-table-29.2.0.tgz",
      "integrity": "sha512-Cx6KA6Mz/47Qm/6U7o3K/POxh1BCzrDTHmLrp8JeQvDZRF3bL0vrRN9ftEWMjauTsLAFyJQUx5G2i188mcyuiw==",
      "requires": {
        "ckeditor5": "^29.2.0",
        "lodash-es": "^4.17.15"
      }
    },
    "@ckeditor/ckeditor5-typing": {
      "version": "29.2.0",
      "resolved": "https://registry.npmjs.org/@ckeditor/ckeditor5-typing/-/ckeditor5-typing-29.2.0.tgz",
      "integrity": "sha512-Kb+GLR4SlIpvvDINLv+0GmPATlIAIqSHPcBwP7xQUQzhYGgJQXDTexcKI/Lx/mbgXE8mNz1QxUzUtB4od/6Wsw==",
      "requires": {
        "@ckeditor/ckeditor5-core": "^29.2.0",
        "@ckeditor/ckeditor5-engine": "^29.2.0",
        "@ckeditor/ckeditor5-utils": "^29.2.0",
        "lodash-es": "^4.17.15"
      }
    },
    "@ckeditor/ckeditor5-ui": {
      "version": "29.2.0",
      "resolved": "https://registry.npmjs.org/@ckeditor/ckeditor5-ui/-/ckeditor5-ui-29.2.0.tgz",
      "integrity": "sha512-jxoXDF7QwFOG7OCifYX2yrNb2PNsBhrMnBSxtWGWjMS9c39QXTUBIuzTXcYPOAOVCxzTpZ+yNxuSmJ9eHe8jMg==",
      "requires": {
        "@ckeditor/ckeditor5-utils": "^29.2.0",
        "ckeditor5": "^29.2.0",
        "lodash-es": "^4.17.15"
      }
    },
    "@ckeditor/ckeditor5-undo": {
      "version": "29.2.0",
      "resolved": "https://registry.npmjs.org/@ckeditor/ckeditor5-undo/-/ckeditor5-undo-29.2.0.tgz",
      "integrity": "sha512-ADhs5qgou5jG/fW0tMzxeUwVuuNHUpqjLjM2rIjq6Gsb7RlpfhpmZxq6vEKMYfqc1C375fTGA+1kM7KInNU2Cw==",
      "requires": {
        "@ckeditor/ckeditor5-core": "^29.2.0",
        "@ckeditor/ckeditor5-engine": "^29.2.0",
        "@ckeditor/ckeditor5-ui": "^29.2.0"
      }
    },
    "@ckeditor/ckeditor5-upload": {
      "version": "29.2.0",
      "resolved": "https://registry.npmjs.org/@ckeditor/ckeditor5-upload/-/ckeditor5-upload-29.2.0.tgz",
      "integrity": "sha512-w7J1a3HaveOyBZHO4V/XODs2EsJNJkFJS75I3A3P82tBPb1T5gHOtZADQ4SI9kFnLo1CzLq6jU0YeSCwXETy3w==",
      "requires": {
        "@ckeditor/ckeditor5-core": "^29.2.0",
        "@ckeditor/ckeditor5-ui": "^29.2.0",
        "@ckeditor/ckeditor5-utils": "^29.2.0"
      }
    },
    "@ckeditor/ckeditor5-utils": {
      "version": "29.2.0",
      "resolved": "https://registry.npmjs.org/@ckeditor/ckeditor5-utils/-/ckeditor5-utils-29.2.0.tgz",
      "integrity": "sha512-aTbahSk2W7HTc4g9yggWCYpLcHkJ60mffFAXzt8TPeSDJ3obW/9DoDPz5gwLnCArmmuYFDJf9UOaTpEO6GwwAQ==",
      "requires": {
        "lodash-es": "^4.17.15"
      }
    },
    "@ckeditor/ckeditor5-widget": {
      "version": "29.2.0",
      "resolved": "https://registry.npmjs.org/@ckeditor/ckeditor5-widget/-/ckeditor5-widget-29.2.0.tgz",
      "integrity": "sha512-DuxtXLhQ4jo5471aW9NidzNi/ZU0hIqQOa64Hg18NvLsdqw23mt/yMWgDrxBykygMRdyOQze7EubmhQDbZa95Q==",
      "requires": {
        "@ckeditor/ckeditor5-core": "^29.2.0",
        "@ckeditor/ckeditor5-engine": "^29.2.0",
        "@ckeditor/ckeditor5-enter": "^29.2.0",
        "@ckeditor/ckeditor5-typing": "^29.2.0",
        "@ckeditor/ckeditor5-ui": "^29.2.0",
        "@ckeditor/ckeditor5-utils": "^29.2.0",
        "lodash-es": "^4.17.15"
      }
    },
    "ckeditor4": {
      "version": "4.16.2",
      "resolved": "https://registry.npmjs.org/ckeditor4/-/ckeditor4-4.16.2.tgz",
      "integrity": "sha512-5x2FmI+yGpQIKISh24Wp4HwjQxN6C4Lw59yh68HbFwcnMu8DvSiZLJfeINGvRG1oQ1L9GzJ5Pqd0PL0KDH08Jw=="
    },
    "ckeditor5": {
      "version": "29.2.0",
      "resolved": "https://registry.npmjs.org/ckeditor5/-/ckeditor5-29.2.0.tgz",
      "integrity": "sha512-S0nNmgLbf/Z23bXeuKIe2KeTyWuz7Pt/SnQy13baqAGoBJblBFVG9fdylS7GxCaJmPqJE0dT4RN9rni0LvgGyg==",
      "requires": {
        "@ckeditor/ckeditor5-clipboard": "^29.2.0",
        "@ckeditor/ckeditor5-core": "^29.2.0",
        "@ckeditor/ckeditor5-engine": "^29.2.0",
        "@ckeditor/ckeditor5-enter": "^29.2.0",
        "@ckeditor/ckeditor5-paragraph": "^29.2.0",
        "@ckeditor/ckeditor5-select-all": "^29.2.0",
        "@ckeditor/ckeditor5-typing": "^29.2.0",
        "@ckeditor/ckeditor5-ui": "^29.2.0",
        "@ckeditor/ckeditor5-undo": "^29.2.0",
        "@ckeditor/ckeditor5-upload": "^29.2.0",
        "@ckeditor/ckeditor5-utils": "^29.2.0",
        "@ckeditor/ckeditor5-widget": "^29.2.0"
      }
    },
    "lodash-es": {
      "version": "4.17.21",
      "resolved": "https://registry.npmjs.org/lodash-es/-/lodash-es-4.17.21.tgz",
      "integrity": "sha512-mKnC+QJ9pWVzv+C4/U3rRsHapFfHvQFoFB92e52xeyGMcX6/OlIl78je1u8vePzYZSkkogMPJ2yjxxsb89cxyw=="
    }
  }
}
